
Microsoft Visual Studio Solution File, Format Version 12.00
# Visual Studio Version 16
VisualStudioVersion = 16.0.30907.101
MinimumVisualStudioVersion = 10.0.40219.1
Project("{FAE04EC0-301F-11D3-BF4B-00C04F79EFBC}") = "WindowsFormsApp", "WindowsFormsApp\WindowsFormsApp.csproj", "{A8BA0DE1-F4E2-43D7-883E-C50FC9D8ED88}"
EndProject
Global
	GlobalSection(SolutionConfigurationPlatforms) = preSolution
		Debug|Any CPU = Debug|Any CPU
		Release|Any CPU = Release|Any CPU
	EndGlobalSection
	GlobalSection(ProjectConfigurationPlatforms) = postSolution
		{A8BA0DE1-F4E2-43D7-883E-C50FC9D8ED88}.Debug|Any CPU.ActiveCfg = Debug|Any CPU
		{A8BA0DE1-F4E2-43D7-883E-C50FC9D8ED88}.Debug|Any CPU.Build.0 = Debug|Any CPU
		{A8BA0DE1-F4E2-43D7-883E-C50FC9D8ED88}.Release|Any CPU.ActiveCfg = Release|Any CPU
		{A8BA0DE1-F4E2-43D7-883E-C50FC9D8ED88}.Release|Any CPU.Build.0 = Release|Any CPU
	EndGlobalSection
	GlobalSection(SolutionProperties) = preSolution
		HideSolutionNode = FALSE
	EndGlobalSection
	GlobalSection(ExtensibilityGlobals) = postSolution
		SolutionGuid = {C189ED10-3BF7-4E50-9853-0DB62B249BD0}
	EndGlobalSection
EndGlobal
